
Microsoft Visual Studio Solution File, Format Version 12.00
# Visual Studio Version 16
VisualStudioVersion = 16.0.29306.81
MinimumVisualStudioVersion = 10.0.40219.1
Project("{FAE04EC0-301F-11D3-BF4B-00C04F79EFBC}") = "PartialZip", "PartialZip\PartialZip.csproj", "{87514417-14AA-44B0-A9A9-D7C4DEF6D2EC}"
EndProject
Project("{FAE04EC0-301F-11D3-BF4B-00C04F79EFBC}") = "PartialZip.Test", "PartialZip.Test\PartialZip.Test.csproj", "{662C4898-0ED4-4112-A887-624FFECDBC1B}"
EndProject
Global
	GlobalSection(SolutionConfigurationPlatforms) = preSolution
		Debug|Any CPU = Debug|Any CPU
		Release|Any CPU = Release|Any CPU
	EndGlobalSection
	GlobalSection(ProjectConfigurationPlatforms) = postSolution
		{87514417-14AA-44B0-A9A9-D7C4DEF6D2EC}.Debug|Any CPU.ActiveCfg = Debug|Any CPU
		{87514417-14AA-44B0-A9A9-D7C4DEF6D2EC}.Debug|Any CPU.Build.0 = Debug|Any CPU
		{87514417-14AA-44B0-A9A9-D7C4DEF6D2EC}.Release|Any CPU.ActiveCfg = Release|Any CPU
		{87514417-14AA-44B0-A9A9-D7C4DEF6D2EC}.Release|Any CPU.Build.0 = Release|Any CPU
		{662C4898-0ED4-4112-A887-624FFECDBC1B}.Debug|Any CPU.ActiveCfg = Debug|Any CPU
		{662C4898-0ED4-4112-A887-624FFECDBC1B}.Debug|Any CPU.Build.0 = Debug|Any CPU
		{662C4898-0ED4-4112-A887-624FFECDBC1B}.Release|Any CPU.ActiveCfg = Release|Any CPU
		{662C4898-0ED4-4112-A887-624FFECDBC1B}.Release|Any CPU.Build.0 = Release|Any CPU
	EndGlobalSection
	GlobalSection(SolutionProperties) = preSolution
		HideSolutionNode = FALSE
	EndGlobalSection
	GlobalSection(ExtensibilityGlobals) = postSolution
		SolutionGuid = {A14FC437-8048-4C4B-A571-510F316AEEE1}
	EndGlobalSection
EndGlobal
